// !$*UTF8*$!
{
	archiveVersion = 1;
	classes = {
	};
	objectVersion = 56;
	objects = {

/* Begin PBXBuildFile section */
		5C2B7BAD28EF1991004883C3 /* ContactTableViewCell.swift in Sources */ = {isa = PBXBuildFile; fileRef = 5C2B7BAC28EF1991004883C3 /* ContactTableViewCell.swift */; };
		5C6463B328F339830010A8E9 /* SecondViewController.swift in Sources */ = {isa = PBXBuildFile; fileRef = 5C6463B228F339830010A8E9 /* SecondViewController.swift */; };
		5C6463B528F33A030010A8E9 /* FilteredContactsTableViewCell.swift in Sources */ = {isa = PBXBuildFile; fileRef = 5C6463B428F33A030010A8E9 /* FilteredContactsTableViewCell.swift */; };
		5C6463B728F33E150010A8E9 /* ContactsCaller.swift in Sources */ = {isa = PBXBuildFile; fileRef = 5C6463B628F33E150010A8E9 /* ContactsCaller.swift */; };
		5CB8961928EED940004ACD40 /* AppDelegate.swift in Sources */ = {isa = PBXBuildFile; fileRef = 5CB8961828EED940004ACD40 /* AppDelegate.swift */; };
		5CB8961B28EED940004ACD40 /* SceneDelegate.swift in Sources */ = {isa = PBXBuildFile; fileRef = 5CB8961A28EED940004ACD40 /* SceneDelegate.swift */; };
		5CB8961D28EED940004ACD40 /* ViewController.swift in Sources */ = {isa = PBXBuildFile; fileRef = 5CB8961C28EED940004ACD40 /* ViewController.swift */; };
		5CB8962228EED942004ACD40 /* Assets.xcassets in Resources */ = {isa = PBXBuildFile; fileRef = 5CB8962128EED942004ACD40 /* Assets.xcassets */; };
		5CB8962528EED942004ACD40 /* LaunchScreen.storyboard in Resources */ = {isa = PBXBuildFile; fileRef = 5CB8962328EED942004ACD40 /* LaunchScreen.storyboard */; };
		5CB8962E28EEDA1D004ACD40 /* Contacts.framework in Frameworks */ = {isa = PBXBuildFile; fileRef = 5CB8962D28EEDA1D004ACD40 /* Contacts.framework */; };
/* End PBXBuildFile section */

/* Begin PBXFileReference section */
		5C2B7BAC28EF1991004883C3 /* ContactTableViewCell.swift */ = {isa = PBXFileReference; lastKnownFileType = sourcecode.swift; path = ContactTableViewCell.swift; sourceTree = "<group>"; };
		5C6463B228F339830010A8E9 /* SecondViewController.swift */ = {isa = PBXFileReference; lastKnownFileType = sourcecode.swift; path = SecondViewController.swift; sourceTree = "<group>"; };
		5C6463B428F33A030010A8E9 /* FilteredContactsTableViewCell.swift */ = {isa = PBXFileReference; lastKnownFileType = sourcecode.swift; path = FilteredContactsTableViewCell.swift; sourceTree = "<group>"; };
		5C6463B628F33E150010A8E9 /* ContactsCaller.swift */ = {isa = PBXFileReference; lastKnownFileType = sourcecode.swift; path = ContactsCaller.swift; sourceTree = "<group>"; };
		5CB8961528EED940004ACD40 /* ContactList.app */ = {isa = PBXFileReference; explicitFileType = wrapper.application; includeInIndex = 0; path = ContactList.app; sourceTree = BUILT_PRODUCTS_DIR; };
		5CB8961828EED940004ACD40 /* AppDelegate.swift */ = {isa = PBXFileReference; lastKnownFileType = sourcecode.swift; path = AppDelegate.swift; sourceTree = "<group>"; };
		5CB8961A28EED940004ACD40 /* SceneDelegate.swift */ = {isa = PBXFileReference; lastKnownFileType = sourcecode.swift; path = SceneDelegate.swift; sourceTree = "<group>"; };
		5CB8961C28EED940004ACD40 /* ViewController.swift */ = {isa = PBXFileReference; lastKnownFileType = sourcecode.swift; path = ViewController.swift; sourceTree = "<group>"; };
		5CB8962128EED942004ACD40 /* Assets.xcassets */ = {isa = PBXFileReference; lastKnownFileType = folder.assetcatalog; path = Assets.xcassets; sourceTree = "<group>"; };
		5CB8962428EED942004ACD40 /* Base */ = {isa = PBXFileReference; lastKnownFileType = file.storyboard; name = Base; path = Base.lproj/LaunchScreen.storyboard; sourceTree = "<group>"; };
		5CB8962628EED942004ACD40 /* Info.plist */ = {isa = PBXFileReference; lastKnownFileType = text.plist.xml; path = Info.plist; sourceTree = "<group>"; };
		5CB8962D28EEDA1D004ACD40 /* Contacts.framework */ = {isa = PBXFileReference; lastKnownFileType = wrapper.framework; name = Contacts.framework; path = System/Library/Frameworks/Contacts.framework; sourceTree = SDKROOT; };
/* End PBXFileReference section */

/* Begin PBXFrameworksBuildPhase section */
		5CB8961228EED940004ACD40 /* Frameworks */ = {
			isa = PBXFrameworksBuildPhase;
			buildActionMask = 2147483647;
			files = (
				5CB8962E28EEDA1D004ACD40 /* Contacts.framework in Frameworks */,
			);
			runOnlyForDeploymentPostprocessing = 0;
		};
/* End PBXFrameworksBuildPhase section */

/* Begin PBXGroup section */
		5C10947728F47C930080E49D /* FirstViewController */ = {
			isa = PBXGroup;
			children = (
				5CB8961C28EED940004ACD40 /* ViewController.swift */,
				5C2B7BAC28EF1991004883C3 /* ContactTableViewCell.swift */,
			);
			path = FirstViewController;
			sourceTree = "<group>";
		};
		5C10947828F47CA80080E49D /* SecondViewController */ = {
			isa = PBXGroup;
			children = (
				5C6463B228F339830010A8E9 /* SecondViewController.swift */,
				5C6463B428F33A030010A8E9 /* FilteredContactsTableViewCell.swift */,
			);
			path = SecondViewController;
			sourceTree = "<group>";
		};
		5CB8960C28EED940004ACD40 = {
			isa = PBXGroup;
			children = (
				5CB8961728EED940004ACD40 /* ContactList */,
				5CB8961628EED940004ACD40 /* Products */,
				5CB8962C28EEDA1D004ACD40 /* Frameworks */,
			);
			sourceTree = "<group>";
		};
		5CB8961628EED940004ACD40 /* Products */ = {
			isa = PBXGroup;
			children = (
				5CB8961528EED940004ACD40 /* ContactList.app */,
			);
			name = Products;
			sourceTree = "<group>";
		};
		5CB8961728EED940004ACD40 /* ContactList */ = {
			isa = PBXGroup;
			children = (
				5CB8962F28EEDA27004ACD40 /* Application */,
				5C10947728F47C930080E49D /* FirstViewController */,
				5C10947828F47CA80080E49D /* SecondViewController */,
				5C6463B628F33E150010A8E9 /* ContactsCaller.swift */,
				5CB8963028EEDA37004ACD40 /* SupportingFiles */,
			);
			path = ContactList;
			sourceTree = "<group>";
		};
		5CB8962C28EEDA1D004ACD40 /* Frameworks */ = {
			isa = PBXGroup;
			children = (
				5CB8962D28EEDA1D004ACD40 /* Contacts.framework */,
			);
			name = Frameworks;
			sourceTree = "<group>";
		};
		5CB8962F28EEDA27004ACD40 /* Application */ = {
			isa = PBXGroup;
			children = (
				5CB8961828EED940004ACD40 /* AppDelegate.swift */,
				5CB8961A28EED940004ACD40 /* SceneDelegate.swift */,
			);
			path = Application;
			sourceTree = "<group>";
		};
		5CB8963028EEDA37004ACD40 /* SupportingFiles */ = {
			isa = PBXGroup;
			children = (
				5CB8962128EED942004ACD40 /* Assets.xcassets */,
				5CB8962328EED942004ACD40 /* LaunchScreen.storyboard */,
				5CB8962628EED942004ACD40 /* Info.plist */,
			);
			path = SupportingFiles;
			sourceTree = "<group>";
		};
/* End PBXGroup section */

/* Begin PBXNativeTarget section */
		5CB8961428EED940004ACD40 /* ContactList */ = {
			isa = PBXNativeTarget;
			buildConfigurationList = 5CB8962928EED942004ACD40 /* Build configuration list for PBXNativeTarget "ContactList" */;
			buildPhases = (
				5CB8961128EED940004ACD40 /* Sources */,
				5CB8961228EED940004ACD40 /* Frameworks */,
				5CB8961328EED940004ACD40 /* Resources */,
			);
			buildRules = (
			);
			dependencies = (
			);
			name = ContactList;
			productName = ContactList;
			productReference = 5CB8961528EED940004ACD40 /* ContactList.app */;
			productType = "com.apple.product-type.application";
		};
/* End PBXNativeTarget section */

/* Begin PBXProject section */
		5CB8960D28EED940004ACD40 /* Project object */ = {
			isa = PBXProject;
			attributes = {
				BuildIndependentTargetsInParallel = 1;
				LastSwiftUpdateCheck = 1400;
				LastUpgradeCheck = 1400;
				TargetAttributes = {
					5CB8961428EED940004ACD40 = {
						CreatedOnToolsVersion = 14.0.1;
					};
				};
			};
			buildConfigurationList = 5CB8961028EED940004ACD40 /* Build configuration list for PBXProject "ContactList" */;
			compatibilityVersion = "Xcode 14.0";
			developmentRegion = en;
			hasScannedForEncodings = 0;
			knownRegions = (
				en,
				Base,
			);
			mainGroup = 5CB8960C28EED940004ACD40;
			productRefGroup = 5CB8961628EED940004ACD40 /* Products */;
			projectDirPath = "";
			projectRoot = "";
			targets = (
				5CB8961428EED940004ACD40 /* ContactList */,
			);
		};
/* End PBXProject section */

/* Begin PBXResourcesBuildPhase section */
		5CB8961328EED940004ACD40 /* Resources */ = {
			isa = PBXResourcesBuildPhase;
			buildActionMask = 2147483647;
			files = (
				5CB8962528EED942004ACD40 /* LaunchScreen.storyboard in Resources */,
				5CB8962228EED942004ACD40 /* Assets.xcassets in Resources */,
			);
			runOnlyForDeploymentPostprocessing = 0;
		};
/* End PBXResourcesBuildPhase section */

/* Begin PBXSourcesBuildPhase section */
		5CB8961128EED940004ACD40 /* Sources */ = {
			isa = PBXSourcesBuildPhase;
			buildActionMask = 2147483647;
			files = (
				5C6463B328F339830010A8E9 /* SecondViewController.swift in Sources */,
				5C6463B728F33E150010A8E9 /* ContactsCaller.swift in Sources */,
				5C6463B528F33A030010A8E9 /* FilteredContactsTableViewCell.swift in Sources */,
				5C2B7BAD28EF1991004883C3 /* ContactTableViewCell.swift in Sources */,
				5CB8961D28EED940004ACD40 /* ViewController.swift in Sources */,
				5CB8961928EED940004ACD40 /* AppDelegate.swift in Sources */,
				5CB8961B28EED940004ACD40 /* SceneDelegate.swift in Sources */,
			);
			runOnlyForDeploymentPostprocessing = 0;
		};
/* End PBXSourcesBuildPhase section */

/* Begin PBXVariantGroup section */
		5CB8962328EED942004ACD40 /* LaunchScreen.storyboard */ = {
			isa = PBXVariantGroup;
			children = (
				5CB8962428EED942004ACD40 /* Base */,
			);
			name = LaunchScreen.storyboard;
			sourceTree = "<group>";
		};
/* End PBXVariantGroup section */

/* Begin XCBuildConfiguration section */
		5CB8962728EED942004ACD40 /* Debug */ = {
			isa = XCBuildConfiguration;
			buildSettings = {
				ALWAYS_SEARCH_USER_PATHS = NO;
				CLANG_ANALYZER_NONNULL = YES;
				CLANG_ANALYZER_NUMBER_OBJECT_CONVERSION = YES_AGGRESSIVE;
				CLANG_CXX_LANGUAGE_STANDARD = "gnu++20";
				CLANG_ENABLE_MODULES = YES;
				CLANG_ENABLE_OBJC_ARC = YES;
				CLANG_ENABLE_OBJC_WEAK = YES;
				CLANG_WARN_BLOCK_CAPTURE_AUTORELEASING = YES;
				CLANG_WARN_BOOL_CONVERSION = YES;
				CLANG_WARN_COMMA = YES;
				CLANG_WARN_CONSTANT_CONVERSION = YES;
				CLANG_WARN_DEPRECATED_OBJC_IMPLEMENTATIONS = YES;
				CLANG_WARN_DIRECT_OBJC_ISA_USAGE = YES_ERROR;
				CLANG_WARN_DOCUMENTATION_COMMENTS = YES;
				CLANG_WARN_EMPTY_BODY = YES;
				CLANG_WARN_ENUM_CONVERSION = YES;
				CLANG_WARN_INFINITE_RECURSION = YES;
				CLANG_WARN_INT_CONVERSION = YES;
				CLANG_WARN_NON_LITERAL_NULL_CONVERSION = YES;
				CLANG_WARN_OBJC_IMPLICIT_RETAIN_SELF = YES;
				CLANG_WARN_OBJC_LITERAL_CONVERSION = YES;
				CLANG_WARN_OBJC_ROOT_CLASS = YES_ERROR;
				CLANG_WARN_QUOTED_INCLUDE_IN_FRAMEWORK_HEADER = YES;
				CLANG_WARN_RANGE_LOOP_ANALYSIS = YES;
				CLANG_WARN_STRICT_PROTOTYPES = YES;
				CLANG_WARN_SUSPICIOUS_MOVE = YES;
				CLANG_WARN_UNGUARDED_AVAILABILITY = YES_AGGRESSIVE;
				CLANG_WARN_UNREACHABLE_CODE = YES;
				CLANG_WARN__DUPLICATE_METHOD_MATCH = YES;
				COPY_PHASE_STRIP = NO;
				DEBUG_INFORMATION_FORMAT = dwarf;
				ENABLE_STRICT_OBJC_MSGSEND = YES;
				ENABLE_TESTABILITY = YES;
				GCC_C_LANGUAGE_STANDARD = gnu11;
				GCC_DYNAMIC_NO_PIC = NO;
				GCC_NO_COMMON_BLOCKS = YES;
				GCC_OPTIMIZATION_LEVEL = 0;
				GCC_PREPROCESSOR_DEFINITIONS = (
					"DEBUG=1",
					"$(inherited)",
				);
				GCC_WARN_64_TO_32_BIT_CONVERSION = YES;
				GCC_WARN_ABOUT_RETURN_TYPE = YES_ERROR;
				GCC_WARN_UNDECLARED_SELECTOR = YES;
				GCC_WARN_UNINITIALIZED_AUTOS = YES_AGGRESSIVE;
				GCC_WARN_UNUSED_FUNCTION = YES;
				GCC_WARN_UNUSED_VARIABLE = YES;
				IPHONEOS_DEPLOYMENT_TARGET = 16.0;
				MTL_ENABLE_DEBUG_INFO = INCLUDE_SOURCE;
				MTL_FAST_MATH = YES;
				ONLY_ACTIVE_ARCH = YES;
				SDKROOT = iphoneos;
				SWIFT_ACTIVE_COMPILATION_CONDITIONS = DEBUG;
				SWIFT_OPTIMIZATION_LEVEL = "-Onone";
			};
			name = Debug;
		};
		5CB8962828EED942004ACD40 /* Release */ = {
			isa = XCBuildConfiguration;
			buildSettings = {
				ALWAYS_SEARCH_USER_PATHS = NO;
				CLANG_ANALYZER_NONNULL = YES;
				CLANG_ANALYZER_NUMBER_OBJECT_CONVERSION = YES_AGGRESSIVE;
				CLANG_CXX_LANGUAGE_STANDARD = "gnu++20";
				CLANG_ENABLE_MODULES = YES;
				CLANG_ENABLE_OBJC_ARC = YES;
				CLANG_ENABLE_OBJC_WEAK = YES;
				CLANG_WARN_BLOCK_CAPTURE_AUTORELEASING = YES;
				CLANG_WARN_BOOL_CONVERSION = YES;
				CLANG_WARN_COMMA = YES;
				CLANG_WARN_CONSTANT_CONVERSION = YES;
				CLANG_WARN_DEPRECATED_OBJC_IMPLEMENTATIONS = YES;
				CLANG_WARN_DIRECT_OBJC_ISA_USAGE = YES_ERROR;
				CLANG_WARN_DOCUMENTATION_COMMENTS = YES;
				CLANG_WARN_EMPTY_BODY = YES;
				CLANG_WARN_ENUM_CONVERSION = YES;
				CLANG_WARN_INFINITE_RECURSION = YES;
				CLANG_WARN_INT_CONVERSION = YES;
				CLANG_WARN_NON_LITERAL_NULL_CONVERSION = YES;
				CLANG_WARN_OBJC_IMPLICIT_RETAIN_SELF = YES;
				CLANG_WARN_OBJC_LITERAL_CONVERSION = YES;
				CLANG_WARN_OBJC_ROOT_CLASS = YES_ERROR;
				CLANG_WARN_QUOTED_INCLUDE_IN_FRAMEWORK_HEADER = YES;
				CLANG_WARN_RANGE_LOOP_ANALYSIS = YES;
				CLANG_WARN_STRICT_PROTOTYPES = YES;
				CLANG_WARN_SUSPICIOUS_MOVE = YES;
				CLANG_WARN_UNGUARDED_AVAILABILITY = YES_AGGRESSIVE;
				CLANG_WARN_UNREACHABLE_CODE = YES;
				CLANG_WARN__DUPLICATE_METHOD_MATCH = YES;
				COPY_PHASE_STRIP = NO;
				DEBUG_INFORMATION_FORMAT = "dwarf-with-dsym";
				ENABLE_NS_ASSERTIONS = NO;
				ENABLE_STRICT_OBJC_MSGSEND = YES;
				GCC_C_LANGUAGE_STANDARD = gnu11;
				GCC_NO_COMMON_BLOCKS = YES;
				GCC_WARN_64_TO_32_BIT_CONVERSION = YES;
				GCC_WARN_ABOUT_RETURN_TYPE = YES_ERROR;
				GCC_WARN_UNDECLARED_SELECTOR = YES;
				GCC_WARN_UNINITIALIZED_AUTOS = YES_AGGRESSIVE;
				GCC_WARN_UNUSED_FUNCTION = YES;
				GCC_WARN_UNUSED_VARIABLE = YES;
				IPHONEOS_DEPLOYMENT_TARGET = 16.0;
				MTL_ENABLE_DEBUG_INFO = NO;
				MTL_FAST_MATH = YES;
				SDKROOT = iphoneos;
				SWIFT_COMPILATION_MODE = wholemodule;
				SWIFT_OPTIMIZATION_LEVEL = "-O";
				VALIDATE_PRODUCT = YES;
			};
			name = Release;
		};
		5CB8962A28EED942004ACD40 /* Debug */ = {
			isa = XCBuildConfiguration;
			buildSettings = {
				ASSETCATALOG_COMPILER_APPICON_NAME = AppIcon;
				ASSETCATALOG_COMPILER_GLOBAL_ACCENT_COLOR_NAME = AccentColor;
				CODE_SIGN_STYLE = Automatic;
				CURRENT_PROJECT_VERSION = 1;
				DEVELOPMENT_TEAM = 224PZFJN34;
				GENERATE_INFOPLIST_FILE = YES;
				INFOPLIST_FILE = ContactList/SupportingFiles/Info.plist;
				INFOPLIST_KEY_NSContactsUsageDescription = "App want to use your contact list";
				INFOPLIST_KEY_UIApplicationSupportsIndirectInputEvents = YES;
				INFOPLIST_KEY_UILaunchStoryboardName = LaunchScreen;
				INFOPLIST_KEY_UIMainStoryboardFile = "";
				INFOPLIST_KEY_UISupportedInterfaceOrientations_iPad = "UIInterfaceOrientationPortrait UIInterfaceOrientationPortraitUpsideDown UIInterfaceOrientationLandscapeLeft UIInterfaceOrientationLandscapeRight";
				INFOPLIST_KEY_UISupportedInterfaceOrientations_iPhone = "UIInterfaceOrientationPortrait UIInterfaceOrientationLandscapeLeft UIInterfaceOrientationLandscapeRight";
				LD_RUNPATH_SEARCH_PATHS = (
					"$(inherited)",
					"@executable_path/Frameworks",
				);
				MARKETING_VERSION = 1.0;
				PRODUCT_BUNDLE_IDENTIFIER = com.ilyaMishin.ContactList;
				PRODUCT_NAME = "$(TARGET_NAME)";
				SWIFT_EMIT_LOC_STRINGS = YES;
				SWIFT_VERSION = 5.0;
				TARGETED_DEVICE_FAMILY = "1,2";
			};
			name = Debug;
		};
		5CB8962B28EED942004ACD40 /* Release */ = {
			isa = XCBuildConfiguration;
			buildSettings = {
				ASSETCATALOG_COMPILER_APPICON_NAME = AppIcon;
				ASSETCATALOG_COMPILER_GLOBAL_ACCENT_COLOR_NAME = AccentColor;
				CODE_SIGN_STYLE = Automatic;
				CURRENT_PROJECT_VERSION = 1;
				DEVELOPMENT_TEAM = 224PZFJN34;
				GENERATE_INFOPLIST_FILE = YES;
				INFOPLIST_FILE = ContactList/SupportingFiles/Info.plist;
				INFOPLIST_KEY_NSContactsUsageDescription = "App want to use your contact list";
				INFOPLIST_KEY_UIApplicationSupportsIndirectInputEvents = YES;
				INFOPLIST_KEY_UILaunchStoryboardName = LaunchScreen;
				INFOPLIST_KEY_UIMainStoryboardFile = "";
				INFOPLIST_KEY_UISupportedInterfaceOrientations_iPad = "UIInterfaceOrientationPortrait UIInterfaceOrientationPortraitUpsideDown UIInterfaceOrientationLandscapeLeft UIInterfaceOrientationLandscapeRight";
				INFOPLIST_KEY_UISupportedInterfaceOrientations_iPhone = "UIInterfaceOrientationPortrait UIInterfaceOrientationLandscapeLeft UIInterfaceOrientationLandscapeRight";
				LD_RUNPATH_SEARCH_PATHS = (
					"$(inherited)",
					"@executable_path/Frameworks",
				);
				MARKETING_VERSION = 1.0;
				PRODUCT_BUNDLE_IDENTIFIER = com.ilyaMishin.ContactList;
				PRODUCT_NAME = "$(TARGET_NAME)";
				SWIFT_EMIT_LOC_STRINGS = YES;
				SWIFT_VERSION = 5.0;
				TARGETED_DEVICE_FAMILY = "1,2";
			};
			name = Release;
		};
/* End XCBuildConfiguration section */

/* Begin XCConfigurationList section */
		5CB8961028EED940004ACD40 /* Build configuration list for PBXProject "ContactList" */ = {
			isa = XCConfigurationList;
			buildConfigurations = (
				5CB8962728EED942004ACD40 /* Debug */,
				5CB8962828EED942004ACD40 /* Release */,
			);
			defaultConfigurationIsVisible = 0;
			defaultConfigurationName = Release;
		};
		5CB8962928EED942004ACD40 /* Build configuration list for PBXNativeTarget "ContactList" */ = {
			isa = XCConfigurationList;
			buildConfigurations = (
				5CB8962A28EED942004ACD40 /* Debug */,
				5CB8962B28EED942004ACD40 /* Release */,
			);
			defaultConfigurationIsVisible = 0;
			defaultConfigurationName = Release;
		};
/* End XCConfigurationList section */
	};
	rootObject = 5CB8960D28EED940004ACD40 /* Project object */;
}
